
Microsoft Visual Studio Solution File, Format Version 12.00
# Visual Studio 15
VisualStudioVersion = 15.0.28307.902
MinimumVisualStudioVersion = 10.0.40219.1
Project("{FAE04EC0-301F-11D3-BF4B-00C04F79EFBC}") = "SimpleBrowser", "SimpleBrowser.csproj", "{A063047F-A7B6-4A72-8CA1-F4109199432A}"
EndProject
Global
	GlobalSection(SolutionConfigurationPlatforms) = preSolution
		Debug|Any CPU = Debug|Any CPU
		Release|Any CPU = Release|Any CPU
	EndGlobalSection
	GlobalSection(ProjectConfigurationPlatforms) = postSolution
		{A063047F-A7B6-4A72-8CA1-F4109199432A}.Debug|Any CPU.ActiveCfg = Debug|Any CPU
		{A063047F-A7B6-4A72-8CA1-F4109199432A}.Debug|Any CPU.Build.0 = Debug|Any CPU
		{A063047F-A7B6-4A72-8CA1-F4109199432A}.Release|Any CPU.ActiveCfg = Release|Any CPU
		{A063047F-A7B6-4A72-8CA1-F4109199432A}.Release|Any CPU.Build.0 = Release|Any CPU
	EndGlobalSection
	GlobalSection(SolutionProperties) = preSolution
		HideSolutionNode = FALSE
	EndGlobalSection
	GlobalSection(ExtensibilityGlobals) = postSolution
		SolutionGuid = {257EA198-F906-4BF4-B011-D97435B2D040}
	EndGlobalSection
EndGlobal
